
Microsoft Visual Studio Solution File, Format Version 12.00
Project("{FAE04EC0-301F-11D3-BF4B-00C04F79EFBC}") = "LiftLedger.API", "src\LiftLedger.API\LiftLedger.API.csproj", "{D6F8AE25-D30C-45FE-B7BE-71D775505A65}"
EndProject
Project("{FAE04EC0-301F-11D3-BF4B-00C04F79EFBC}") = "LiftLedger.Contracts", "src\LiftLedger.Contracts\LiftLedger.Contracts.csproj", "{62204894-1954-4A6B-8DB5-BC5A0C607EA6}"
EndProject
Project("{9A19103F-16F7-4668-BE54-9A1E7A4F7556}") = "build", "build\build.csproj", "{59402F31-6E5C-41EF-ACC8-600CF2FE253A}"
EndProject
Project("{FAE04EC0-301F-11D3-BF4B-00C04F79EFBC}") = "LiftLedger.Mobile", "src\LiftLedger.Mobile\LiftLedger.Mobile.csproj", "{C24586F5-341F-43C1-8FDE-A0EF8558935A}"
EndProject
Project("{2150E333-8FDC-42A3-9474-1A3956D46DE8}") = "src", "src", "{14F8FD84-D9F7-47EE-8AA1-F0E8C0B4CCFB}"
EndProject
Project("{2150E333-8FDC-42A3-9474-1A3956D46DE8}") = "tests", "tests", "{9A7F0CFA-B708-416F-991E-00470EBDC8A4}"
EndProject
Project("{FAE04EC0-301F-11D3-BF4B-00C04F79EFBC}") = "LiftLedger.API.Tests", "test\LiftLedger.API.Tests\LiftLedger.API.Tests.csproj", "{50525D4F-0592-405D-9204-00F5799CB757}"
EndProject
Project("{FAE04EC0-301F-11D3-BF4B-00C04F79EFBC}") = "LiftLedger.App", "src\LiftLedger.App\LiftLedger.App.csproj", "{217B6B31-BF02-4808-A55C-115E5BED5AC6}"
EndProject
Project("{2150E333-8FDC-42A3-9474-1A3956D46DE8}") = "build", "build", "{6D2422C3-A514-428E-8B70-0C6035D2DD91}"
EndProject
Project("{FAE04EC0-301F-11D3-BF4B-00C04F79EFBC}") = "LiftLedger.App.Tests", "test\LiftLedger.App.Tests\LiftLedger.App.Tests.csproj", "{D0DDC857-1463-4FDC-9755-3E806C9CBA80}"
EndProject
Global
	GlobalSection(SolutionConfigurationPlatforms) = preSolution
		Debug|Any CPU = Debug|Any CPU
		Release|Any CPU = Release|Any CPU
	EndGlobalSection
	GlobalSection(ProjectConfigurationPlatforms) = postSolution
		{59402F31-6E5C-41EF-ACC8-600CF2FE253A}.Debug|Any CPU.ActiveCfg = Debug|Any CPU
		{59402F31-6E5C-41EF-ACC8-600CF2FE253A}.Release|Any CPU.ActiveCfg = Release|Any CPU
		{D6F8AE25-D30C-45FE-B7BE-71D775505A65}.Debug|Any CPU.ActiveCfg = Debug|Any CPU
		{D6F8AE25-D30C-45FE-B7BE-71D775505A65}.Debug|Any CPU.Build.0 = Debug|Any CPU
		{D6F8AE25-D30C-45FE-B7BE-71D775505A65}.Release|Any CPU.ActiveCfg = Release|Any CPU
		{D6F8AE25-D30C-45FE-B7BE-71D775505A65}.Release|Any CPU.Build.0 = Release|Any CPU
		{62204894-1954-4A6B-8DB5-BC5A0C607EA6}.Debug|Any CPU.ActiveCfg = Debug|Any CPU
		{62204894-1954-4A6B-8DB5-BC5A0C607EA6}.Debug|Any CPU.Build.0 = Debug|Any CPU
		{62204894-1954-4A6B-8DB5-BC5A0C607EA6}.Release|Any CPU.ActiveCfg = Release|Any CPU
		{62204894-1954-4A6B-8DB5-BC5A0C607EA6}.Release|Any CPU.Build.0 = Release|Any CPU
		{C24586F5-341F-43C1-8FDE-A0EF8558935A}.Debug|Any CPU.ActiveCfg = Debug|Any CPU
		{C24586F5-341F-43C1-8FDE-A0EF8558935A}.Debug|Any CPU.Build.0 = Debug|Any CPU
		{C24586F5-341F-43C1-8FDE-A0EF8558935A}.Release|Any CPU.ActiveCfg = Release|Any CPU
		{C24586F5-341F-43C1-8FDE-A0EF8558935A}.Release|Any CPU.Build.0 = Release|Any CPU
		{50525D4F-0592-405D-9204-00F5799CB757}.Debug|Any CPU.ActiveCfg = Debug|Any CPU
		{50525D4F-0592-405D-9204-00F5799CB757}.Debug|Any CPU.Build.0 = Debug|Any CPU
		{50525D4F-0592-405D-9204-00F5799CB757}.Release|Any CPU.ActiveCfg = Release|Any CPU
		{50525D4F-0592-405D-9204-00F5799CB757}.Release|Any CPU.Build.0 = Release|Any CPU
		{217B6B31-BF02-4808-A55C-115E5BED5AC6}.Debug|Any CPU.ActiveCfg = Debug|Any CPU
		{217B6B31-BF02-4808-A55C-115E5BED5AC6}.Debug|Any CPU.Build.0 = Debug|Any CPU
		{217B6B31-BF02-4808-A55C-115E5BED5AC6}.Release|Any CPU.ActiveCfg = Release|Any CPU
		{217B6B31-BF02-4808-A55C-115E5BED5AC6}.Release|Any CPU.Build.0 = Release|Any CPU
		{D0DDC857-1463-4FDC-9755-3E806C9CBA80}.Debug|Any CPU.ActiveCfg = Debug|Any CPU
		{D0DDC857-1463-4FDC-9755-3E806C9CBA80}.Debug|Any CPU.Build.0 = Debug|Any CPU
		{D0DDC857-1463-4FDC-9755-3E806C9CBA80}.Release|Any CPU.ActiveCfg = Release|Any CPU
		{D0DDC857-1463-4FDC-9755-3E806C9CBA80}.Release|Any CPU.Build.0 = Release|Any CPU
	EndGlobalSection
	GlobalSection(NestedProjects) = preSolution
		{D6F8AE25-D30C-45FE-B7BE-71D775505A65} = {14F8FD84-D9F7-47EE-8AA1-F0E8C0B4CCFB}
		{62204894-1954-4A6B-8DB5-BC5A0C607EA6} = {14F8FD84-D9F7-47EE-8AA1-F0E8C0B4CCFB}
		{C24586F5-341F-43C1-8FDE-A0EF8558935A} = {14F8FD84-D9F7-47EE-8AA1-F0E8C0B4CCFB}
		{50525D4F-0592-405D-9204-00F5799CB757} = {9A7F0CFA-B708-416F-991E-00470EBDC8A4}
		{217B6B31-BF02-4808-A55C-115E5BED5AC6} = {14F8FD84-D9F7-47EE-8AA1-F0E8C0B4CCFB}
		{59402F31-6E5C-41EF-ACC8-600CF2FE253A} = {6D2422C3-A514-428E-8B70-0C6035D2DD91}
		{D0DDC857-1463-4FDC-9755-3E806C9CBA80} = {9A7F0CFA-B708-416F-991E-00470EBDC8A4}
	EndGlobalSection
EndGlobal
